
Microsoft Visual Studio Solution File, Format Version 12.00
# Visual Studio 15
VisualStudioVersion = 15.0.28010.2050
MinimumVisualStudioVersion = 10.0.40219.1
Project("{FAE04EC0-301F-11D3-BF4B-00C04F79EFBC}") = "NNP Bot", "NNP Bot\NNP Bot.csproj", "{ED85AA90-735F-4D04-B4E1-88103CD3D315}"
EndProject
Global
	GlobalSection(SolutionConfigurationPlatforms) = preSolution
		Debug|Any CPU = Debug|Any CPU
		Release|Any CPU = Release|Any CPU
	EndGlobalSection
	GlobalSection(ProjectConfigurationPlatforms) = postSolution
		{ED85AA90-735F-4D04-B4E1-88103CD3D315}.Debug|Any CPU.ActiveCfg = Debug|Any CPU
		{ED85AA90-735F-4D04-B4E1-88103CD3D315}.Debug|Any CPU.Build.0 = Debug|Any CPU
		{ED85AA90-735F-4D04-B4E1-88103CD3D315}.Release|Any CPU.ActiveCfg = Release|Any CPU
		{ED85AA90-735F-4D04-B4E1-88103CD3D315}.Release|Any CPU.Build.0 = Release|Any CPU
	EndGlobalSection
	GlobalSection(SolutionProperties) = preSolution
		HideSolutionNode = FALSE
	EndGlobalSection
	GlobalSection(ExtensibilityGlobals) = postSolution
		SolutionGuid = {5C993620-E518-448B-8998-0CE7507137A8}
	EndGlobalSection
EndGlobal
